// !$*UTF8*$!
{
	archiveVersion = 1;
	classes = {
	};
	objectVersion = 77;
	objects = {

/* Begin PBXBuildFile section */
		33A0F053300C347200611A63 /* FirebaseAI in Frameworks */ = {isa = PBXBuildFile; productRef = 33A0F052300C347200611A63 /* FirebaseAI */; };
		33AFF8B4300F3670002F5017 /* FirebaseAuth in Frameworks */ = {isa = PBXBuildFile; productRef = 33AFF8B3300F3670002F5017 /* FirebaseAuth */; };
		33AFF8B7300F37A3002F5017 /* GoogleSignIn in Frameworks */ = {isa = PBXBuildFile; productRef = 33AFF8B6300F37A3002F5017 /* GoogleSignIn */; };
		33AFF8B9300F37A3002F5017 /* GoogleSignInSwift in Frameworks */ = {isa = PBXBuildFile; productRef = 33AFF8B8300F37A3002F5017 /* GoogleSignInSwift */; };
		3F65F092E9CC7B40F998F78C /* SwiftDataManager.swift in Sources */ = {isa = PBXBuildFile; fileRef = 14CC9E8558BD408E124A1904 /* SwiftDataManager.swift */; };
		3FA9F46862CA6368C1A8BB81 /* GalleryViewModel.swift in Sources */ = {isa = PBXBuildFile; fileRef = 22E756B6B0EC24234F84F9F3 /* GalleryViewModel.swift */; };
		4E87E6474BBE05BEA0DA6AFF /* GalleryAssembly.swift in Sources */ = {isa = PBXBuildFile; fileRef = 274751E695A446C8579FD14F /* GalleryAssembly.swift */; };
		6D3CA5B03008808A00736812 /* Swinject in Frameworks */ = {isa = PBXBuildFile; productRef = 6D3CA5AF3008808A00736812 /* Swinject */; };
		9465035612FCCC4429C23DCE /* GetCapturedItemsUseCase.swift in Sources */ = {isa = PBXBuildFile; fileRef = 374933684ACF5CC8B4F363D9 /* GetCapturedItemsUseCase.swift */; };
		F00CFA7C9A8D9AE95D3C35A6 /* SaveCapturedItemUseCase.swift in Sources */ = {isa = PBXBuildFile; fileRef = 6D24671A8C580A100F31D040 /* SaveCapturedItemUseCase.swift */; };
/* End PBXBuildFile section */

/* Begin PBXContainerItemProxy section */
		1529B3763006410600CCD74A /* PBXContainerItemProxy */ = {
			isa = PBXContainerItemProxy;
			containerPortal = 1529B35E3006410300CCD74A /* Project object */;
			proxyType = 1;
			remoteGlobalIDString = 1529B3653006410300CCD74A;
			remoteInfo = "Lingua Quest";
		};
		1529B3803006410600CCD74A /* PBXContainerItemProxy */ = {
			isa = PBXContainerItemProxy;
			containerPortal = 1529B35E3006410300CCD74A /* Project object */;
			proxyType = 1;
			remoteGlobalIDString = 1529B3653006410300CCD74A;
			remoteInfo = "Lingua Quest";
		};
/* End PBXContainerItemProxy section */

/* Begin PBXFileReference section */
		14CC9E8558BD408E124A1904 /* SwiftDataManager.swift */ = {isa = PBXFileReference; includeInIndex = 1; lastKnownFileType = sourcecode.swift; path = SwiftDataManager.swift; sourceTree = "<group>"; };
		1529B3663006410300CCD74A /* Lingua Quest.app */ = {isa = PBXFileReference; explicitFileType = wrapper.application; includeInIndex = 0; path = "Lingua Quest.app"; sourceTree = BUILT_PRODUCTS_DIR; };
		1529B3753006410600CCD74A /* Lingua QuestTests.xctest */ = {isa = PBXFileReference; explicitFileType = wrapper.cfbundle; includeInIndex = 0; path = "Lingua QuestTests.xctest"; sourceTree = BUILT_PRODUCTS_DIR; };
		1529B37F3006410600CCD74A /* Lingua QuestUITests.xctest */ = {isa = PBXFileReference; explicitFileType = wrapper.cfbundle; includeInIndex = 0; path = "Lingua QuestUITests.xctest"; sourceTree = BUILT_PRODUCTS_DIR; };
		22E756B6B0EC24234F84F9F3 /* GalleryViewModel.swift */ = {isa = PBXFileReference; includeInIndex = 1; lastKnownFileType = sourcecode.swift; path = GalleryViewModel.swift; sourceTree = "<group>"; };
		274751E695A446C8579FD14F /* GalleryAssembly.swift */ = {isa = PBXFileReference; includeInIndex = 1; lastKnownFileType = sourcecode.swift; path = GalleryAssembly.swift; sourceTree = "<group>"; };
		33A040A6F42437407FCF156C /* GalleryRepositoryImpl.swift */ = {isa = PBXFileReference; includeInIndex = 1; lastKnownFileType = sourcecode.swift; path = GalleryRepositoryImpl.swift; sourceTree = "<group>"; };
		374933684ACF5CC8B4F363D9 /* GetCapturedItemsUseCase.swift */ = {isa = PBXFileReference; includeInIndex = 1; lastKnownFileType = sourcecode.swift; path = GetCapturedItemsUseCase.swift; sourceTree = "<group>"; };
		6D24671A8C580A100F31D040 /* SaveCapturedItemUseCase.swift */ = {isa = PBXFileReference; includeInIndex = 1; lastKnownFileType = sourcecode.swift; path = SaveCapturedItemUseCase.swift; sourceTree = "<group>"; };
		72C55344454CFE1C8A6429D8 /* GalleryRepositoryProtocol.swift */ = {isa = PBXFileReference; includeInIndex = 1; lastKnownFileType = sourcecode.swift; path = GalleryRepositoryProtocol.swift; sourceTree = "<group>"; };
		73B8E16E28F30EB922FC809B /* CapturedItemEntity.swift */ = {isa = PBXFileReference; includeInIndex = 1; lastKnownFileType = sourcecode.swift; path = CapturedItemEntity.swift; sourceTree = "<group>"; };
/* End PBXFileReference section */

/* Begin PBXFileSystemSynchronizedBuildFileExceptionSet section */
		6DE398FC30108D1800F498A7 /* Exceptions for "Lingua Quest" folder in "Lingua Quest" target */ = {
			isa = PBXFileSystemSynchronizedBuildFileExceptionSet;
			membershipExceptions = (
				Core/DI/GalleryAssembly.swift,
				Core/Storage/SwiftDataManager.swift,
				Modules/Gallery/Domain/UseCases/GetCapturedItemsUseCase.swift,
				Modules/Gallery/Domain/UseCases/SaveCapturedItemUseCase.swift,
				Modules/Gallery/Presentation/ViewModels/GalleryViewModel.swift,
			);
			target = 1529B3653006410300CCD74A /* Lingua Quest */;
		};
/* End PBXFileSystemSynchronizedBuildFileExceptionSet section */

/* Begin PBXFileSystemSynchronizedRootGroup section */
		1529B3683006410300CCD74A /* Lingua Quest */ = {
			isa = PBXFileSystemSynchronizedRootGroup;
			exceptions = (
				6DE398FC30108D1800F498A7 /* Exceptions for "Lingua Quest" folder in "Lingua Quest" target */,
			);
			path = "Lingua Quest";
			sourceTree = "<group>";
		};
		1529B3783006410600CCD74A /* Lingua QuestTests */ = {
			isa = PBXFileSystemSynchronizedRootGroup;
			path = "Lingua QuestTests";
			sourceTree = "<group>";
		};
		1529B3823006410600CCD74A /* Lingua QuestUITests */ = {
			isa = PBXFileSystemSynchronizedRootGroup;
			path = "Lingua QuestUITests";
			sourceTree = "<group>";
		};
/* End PBXFileSystemSynchronizedRootGroup section */

/* Begin PBXFrameworksBuildPhase section */
		1529B3633006410300CCD74A /* Frameworks */ = {
			isa = PBXFrameworksBuildPhase;
			buildActionMask = 2147483647;
			files = (
				33AFF8B9300F37A3002F5017 /* GoogleSignInSwift in Frameworks */,
				6D3CA5B03008808A00736812 /* Swinject in Frameworks */,
				33AFF8B7300F37A3002F5017 /* GoogleSignIn in Frameworks */,
				33AFF8B4300F3670002F5017 /* FirebaseAuth in Frameworks */,
				33A0F053300C347200611A63 /* FirebaseAI in Frameworks */,
			);
			runOnlyForDeploymentPostprocessing = 0;
		};
		1529B3723006410600CCD74A /* Frameworks */ = {
			isa = PBXFrameworksBuildPhase;
			buildActionMask = 2147483647;
			files = (
			);
			runOnlyForDeploymentPostprocessing = 0;
		};
		1529B37C3006410600CCD74A /* Frameworks */ = {
			isa = PBXFrameworksBuildPhase;
			buildActionMask = 2147483647;
			files = (
			);
			runOnlyForDeploymentPostprocessing = 0;
		};
/* End PBXFrameworksBuildPhase section */

/* Begin PBXGroup section */
		005216CDB39C3B3C16E9BF13 /* RepositoryImpl */ = {
			isa = PBXGroup;
			children = (
				33A040A6F42437407FCF156C /* GalleryRepositoryImpl.swift */,
			);
			path = RepositoryImpl;
			sourceTree = "<group>";
		};
		1529B35D3006410300CCD74A = {
			isa = PBXGroup;
			children = (
				1529B3683006410300CCD74A /* Lingua Quest */,
				1529B3783006410600CCD74A /* Lingua QuestTests */,
				1529B3823006410600CCD74A /* Lingua QuestUITests */,
				33AFF8B2300F366F002F5017 /* Frameworks */,
				1529B3673006410300CCD74A /* Products */,
				54896DB26D6A8508CC78E1C6 /* Lingua Quest */,
			);
			sourceTree = "<group>";
		};
		1529B3673006410300CCD74A /* Products */ = {
			isa = PBXGroup;
			children = (
				1529B3663006410300CCD74A /* Lingua Quest.app */,
				1529B3753006410600CCD74A /* Lingua QuestTests.xctest */,
				1529B37F3006410600CCD74A /* Lingua QuestUITests.xctest */,
			);
			name = Products;
			sourceTree = "<group>";
		};
		33AFF8B2300F366F002F5017 /* Frameworks */ = {
			isa = PBXGroup;
			children = (
			);
			name = Frameworks;
		sourceTree = "<group>";
		};
		2549924D3844E97C7CB278C0 /* DataSources */ = {
			isa = PBXGroup;
			children = (
				3C9F7BD864FB67D69CC0B08A /* Local */,
			);
			path = DataSources;
			sourceTree = "<group>";
		};
		2D544AED9D960102B0E25112 /* Repositories */ = {
			isa = PBXGroup;
			children = (
				72C55344454CFE1C8A6429D8 /* GalleryRepositoryProtocol.swift */,
			);
			path = Repositories;
			sourceTree = "<group>";
		};
		30FFAEAAA63DC5B3594B5123 /* ViewModels */ = {
			isa = PBXGroup;
			children = (
				22E756B6B0EC24234F84F9F3 /* GalleryViewModel.swift */,
			);
			path = ViewModels;
			sourceTree = "<group>";
		};
		3C9F7BD864FB67D69CC0B08A /* Local */ = {
			isa = PBXGroup;
			children = (
				73B8E16E28F30EB922FC809B /* CapturedItemEntity.swift */,
			);
			path = Local;
			sourceTree = "<group>";
		};
		4B830D93CC2FB534756C4F50 /* Presentation */ = {
			isa = PBXGroup;
			children = (
				30FFAEAAA63DC5B3594B5123 /* ViewModels */,
			);
			path = Presentation;
			sourceTree = "<group>";
		};
		54896DB26D6A8508CC78E1C6 /* Lingua Quest */ = {
			isa = PBXGroup;
			children = (
				95F257BBC50A33E06AE83044 /* Modules */,
				776BEF3EE1C1A547C0925596 /* Core */,
			);
			path = "Lingua Quest";
			sourceTree = "<group>";
		};
		776BEF3EE1C1A547C0925596 /* Core */ = {
			isa = PBXGroup;
			children = (
				90C8EE3866DC2D704CE495BD /* Storage */,
				E1AFBB728F59997168F36EBC /* DI */,
			);
			path = Core;
			sourceTree = "<group>";
		};
		8861011EEF016E063A7856F9 /* UseCases */ = {
			isa = PBXGroup;
			children = (
				374933684ACF5CC8B4F363D9 /* GetCapturedItemsUseCase.swift */,
				6D24671A8C580A100F31D040 /* SaveCapturedItemUseCase.swift */,
			);
			path = UseCases;
			sourceTree = "<group>";
		};
		8FCD1194222668AF0CA1196A /* Data */ = {
			isa = PBXGroup;
			children = (
				2549924D3844E97C7CB278C0 /* DataSources */,
				005216CDB39C3B3C16E9BF13 /* RepositoryImpl */,
			);
			path = Data;
			sourceTree = "<group>";
		};
		90C8EE3866DC2D704CE495BD /* Storage */ = {
			isa = PBXGroup;
			children = (
				14CC9E8558BD408E124A1904 /* SwiftDataManager.swift */,
			);
			path = Storage;
			sourceTree = "<group>";
		};
		95F257BBC50A33E06AE83044 /* Modules */ = {
			isa = PBXGroup;
			children = (
				E61D847238286601B1CF6F74 /* Gallery */,
			);
			path = Modules;
			sourceTree = "<group>";
		};
		D0301632B4BF1C4B1FCF9EBC /* Domain */ = {
			isa = PBXGroup;
			children = (
				2D544AED9D960102B0E25112 /* Repositories */,
				8861011EEF016E063A7856F9 /* UseCases */,
			);
			path = Domain;
			sourceTree = "<group>";
		};
		E1AFBB728F59997168F36EBC /* DI */ = {
			isa = PBXGroup;
			children = (
				274751E695A446C8579FD14F /* GalleryAssembly.swift */,
			);
			path = DI;
			sourceTree = "<group>";
		};
		E61D847238286601B1CF6F74 /* Gallery */ = {
			isa = PBXGroup;
			children = (
				8FCD1194222668AF0CA1196A /* Data */,
				D0301632B4BF1C4B1FCF9EBC /* Domain */,
				4B830D93CC2FB534756C4F50 /* Presentation */,
			);
			path = Gallery;
			sourceTree = "<group>";
		};
/* End PBXGroup section */

/* Begin PBXNativeTarget section */
		1529B3653006410300CCD74A /* Lingua Quest */ = {
			isa = PBXNativeTarget;
			buildConfigurationList = 1529B3893006410600CCD74A /* Build configuration list for PBXNativeTarget "Lingua Quest" */;
			buildPhases = (
				1529B3623006410300CCD74A /* Sources */,
				1529B3633006410300CCD74A /* Frameworks */,
				1529B3643006410300CCD74A /* Resources */,
			);
			buildRules = (
			);
			dependencies = (
			);
			fileSystemSynchronizedGroups = (
				1529B3683006410300CCD74A /* Lingua Quest */,
			);
			name = "Lingua Quest";
			packageProductDependencies = (
				6D3CA5AF3008808A00736812 /* Swinject */,
				33A0F052300C347200611A63 /* FirebaseAI */,
				33AFF8B3300F3670002F5017 /* FirebaseAuth */,
				33AFF8B6300F37A3002F5017 /* GoogleSignIn */,
				33AFF8B8300F37A3002F5017 /* GoogleSignInSwift */,
			);
			productName = "Lingua Quest";
			productReference = 1529B3663006410300CCD74A /* Lingua Quest.app */;
			productType = "com.apple.product-type.application";
		};
		1529B3743006410600CCD74A /* Lingua QuestTests */ = {
			isa = PBXNativeTarget;
			buildConfigurationList = 1529B38C3006410600CCD74A /* Build configuration list for PBXNativeTarget "Lingua QuestTests" */;
			buildPhases = (
				1529B3713006410600CCD74A /* Sources */,
				1529B3723006410600CCD74A /* Frameworks */,
				1529B3733006410600CCD74A /* Resources */,
			);
			buildRules = (
			);
			dependencies = (
				1529B3773006410600CCD74A /* PBXTargetDependency */,
			);
			fileSystemSynchronizedGroups = (
				1529B3783006410600CCD74A /* Lingua QuestTests */,
			);
			name = "Lingua QuestTests";
			productName = "Lingua QuestTests";
			productReference = 1529B3753006410600CCD74A /* Lingua QuestTests.xctest */;
			productType = "com.apple.product-type.bundle.unit-test";
		};
		1529B37E3006410600CCD74A /* Lingua QuestUITests */ = {
			isa = PBXNativeTarget;
			buildConfigurationList = 1529B38F3006410600CCD74A /* Build configuration list for PBXNativeTarget "Lingua QuestUITests" */;
			buildPhases = (
				1529B37B3006410600CCD74A /* Sources */,
				1529B37C3006410600CCD74A /* Frameworks */,
				1529B37D3006410600CCD74A /* Resources */,
			);
			buildRules = (
			);
			dependencies = (
				1529B3813006410600CCD74A /* PBXTargetDependency */,
			);
			fileSystemSynchronizedGroups = (
				1529B3823006410600CCD74A /* Lingua QuestUITests */,
			);
			name = "Lingua QuestUITests";
			productName = "Lingua QuestUITests";
			productReference = 1529B37F3006410600CCD74A /* Lingua QuestUITests.xctest */;
			productType = "com.apple.product-type.bundle.ui-testing";
		};
/* End PBXNativeTarget section */

/* Begin PBXProject section */
		1529B35E3006410300CCD74A /* Project object */ = {
			isa = PBXProject;
			attributes = {
				BuildIndependentTargetsInParallel = 1;
				LastSwiftUpdateCheck = 2600;
				LastUpgradeCheck = 2600;
				TargetAttributes = {
					1529B3653006410300CCD74A = {
						CreatedOnToolsVersion = 26.0.1;
					};
					1529B3743006410600CCD74A = {
						CreatedOnToolsVersion = 26.0.1;
						TestTargetID = 1529B3653006410300CCD74A;
					};
					1529B37E3006410600CCD74A = {
						CreatedOnToolsVersion = 26.0.1;
						TestTargetID = 1529B3653006410300CCD74A;
					};
				};
			};
			buildConfigurationList = 1529B3613006410300CCD74A /* Build configuration list for PBXProject "Lingua Quest" */;
			developmentRegion = en;
			hasScannedForEncodings = 0;
			knownRegions = (
				en,
				Base,
				ar,
			);
			mainGroup = 1529B35D3006410300CCD74A;
			minimizedProjectReferenceProxies = 1;
			packageReferences = (
				6D3CA5AE3008808A00736812 /* XCRemoteSwiftPackageReference "Swinject" */,
				33A0F051300C347200611A63 /* XCRemoteSwiftPackageReference "firebase-ios-sdk" */,
				33AFF8B5300F37A3002F5017 /* XCRemoteSwiftPackageReference "GoogleSignIn-iOS" */,
			);
			preferredProjectObjectVersion = 77;
			productRefGroup = 1529B3673006410300CCD74A /* Products */;
			projectDirPath = "";
			projectRoot = "";
			targets = (
				1529B3653006410300CCD74A /* Lingua Quest */,
				1529B3743006410600CCD74A /* Lingua QuestTests */,
				1529B37E3006410600CCD74A /* Lingua QuestUITests */,
			);
		};
/* End PBXProject section */

/* Begin PBXResourcesBuildPhase section */
		1529B3643006410300CCD74A /* Resources */ = {
			isa = PBXResourcesBuildPhase;
			buildActionMask = 2147483647;
			files = (
			);
			runOnlyForDeploymentPostprocessing = 0;
		};
		1529B3733006410600CCD74A /* Resources */ = {
			isa = PBXResourcesBuildPhase;
			buildActionMask = 2147483647;
			files = (
			);
			runOnlyForDeploymentPostprocessing = 0;
		};
		1529B37D3006410600CCD74A /* Resources */ = {
			isa = PBXResourcesBuildPhase;
			buildActionMask = 2147483647;
			files = (
			);
			runOnlyForDeploymentPostprocessing = 0;
		};
/* End PBXResourcesBuildPhase section */

/* Begin PBXSourcesBuildPhase section */
		1529B3623006410300CCD74A /* Sources */ = {
			isa = PBXSourcesBuildPhase;
			buildActionMask = 2147483647;
			files = (
				9465035612FCCC4429C23DCE /* GetCapturedItemsUseCase.swift in Sources */,
				F00CFA7C9A8D9AE95D3C35A6 /* SaveCapturedItemUseCase.swift in Sources */,
				3FA9F46862CA6368C1A8BB81 /* GalleryViewModel.swift in Sources */,
				3F65F092E9CC7B40F998F78C /* SwiftDataManager.swift in Sources */,
				4E87E6474BBE05BEA0DA6AFF /* GalleryAssembly.swift in Sources */,
			);
			runOnlyForDeploymentPostprocessing = 0;
		};
		1529B3713006410600CCD74A /* Sources */ = {
			isa = PBXSourcesBuildPhase;
			buildActionMask = 2147483647;
			files = (
			);
			runOnlyForDeploymentPostprocessing = 0;
		};
		1529B37B3006410600CCD74A /* Sources */ = {
			isa = PBXSourcesBuildPhase;
			buildActionMask = 2147483647;
			files = (
			);
			runOnlyForDeploymentPostprocessing = 0;
		};
/* End PBXSourcesBuildPhase section */

/* Begin PBXTargetDependency section */
		1529B3773006410600CCD74A /* PBXTargetDependency */ = {
			isa = PBXTargetDependency;
			target = 1529B3653006410300CCD74A /* Lingua Quest */;
			targetProxy = 1529B3763006410600CCD74A /* PBXContainerItemProxy */;
		};
		1529B3813006410600CCD74A /* PBXTargetDependency */ = {
			isa = PBXTargetDependency;
			target = 1529B3653006410300CCD74A /* Lingua Quest */;
			targetProxy = 1529B3803006410600CCD74A /* PBXContainerItemProxy */;
		};
/* End PBXTargetDependency section */

/* Begin XCBuildConfiguration section */
		1529B3873006410600CCD74A /* Debug */ = {
			isa = XCBuildConfiguration;
			baseConfigurationReferenceAnchor = 1529B3683006410300CCD74A /* Lingua Quest */;
			baseConfigurationReferenceRelativePath = App/Config.xcconfig;
			buildSettings = {
				ALWAYS_SEARCH_USER_PATHS = NO;
				ASSETCATALOG_COMPILER_GENERATE_SWIFT_ASSET_SYMBOL_EXTENSIONS = YES;
				CLANG_ANALYZER_LOCALIZABILITY_NONLOCALIZED = YES;
				CLANG_ANALYZER_NONNULL = YES;
				CLANG_ANALYZER_NUMBER_OBJECT_CONVERSION = YES_AGGRESSIVE;
				CLANG_CXX_LANGUAGE_STANDARD = "gnu++20";
				CLANG_ENABLE_MODULES = YES;
				CLANG_ENABLE_OBJC_ARC = YES;
				CLANG_ENABLE_OBJC_WEAK = YES;
				CLANG_WARN_BLOCK_CAPTURE_AUTORELEASING = YES;
				CLANG_WARN_BOOL_CONVERSION = YES;
				CLANG_WARN_COMMA = YES;
				CLANG_WARN_CONSTANT_CONVERSION = YES;
				CLANG_WARN_DEPRECATED_OBJC_IMPLEMENTATIONS = YES;
				CLANG_WARN_DIRECT_OBJC_ISA_USAGE = YES_ERROR;
				CLANG_WARN_DOCUMENTATION_COMMENTS = YES;
				CLANG_WARN_EMPTY_BODY = YES;
				CLANG_WARN_ENUM_CONVERSION = YES;
				CLANG_WARN_INFINITE_RECURSION = YES;
				CLANG_WARN_INT_CONVERSION = YES;
				CLANG_WARN_NON_LITERAL_NULL_CONVERSION = YES;
				CLANG_WARN_OBJC_IMPLICIT_RETAIN_SELF = YES;
				CLANG_WARN_OBJC_LITERAL_CONVERSION = YES;
				CLANG_WARN_OBJC_ROOT_CLASS = YES_ERROR;
				CLANG_WARN_QUOTED_INCLUDE_IN_FRAMEWORK_HEADER = YES;
				CLANG_WARN_RANGE_LOOP_ANALYSIS = YES;
				CLANG_WARN_STRICT_PROTOTYPES = YES;
				CLANG_WARN_SUSPICIOUS_MOVE = YES;
				CLANG_WARN_UNGUARDED_AVAILABILITY = YES_AGGRESSIVE;
				CLANG_WARN_UNREACHABLE_CODE = YES;
				CLANG_WARN__DUPLICATE_METHOD_MATCH = YES;
				COPY_PHASE_STRIP = NO;
				DEBUG_INFORMATION_FORMAT = dwarf;
				ENABLE_STRICT_OBJC_MSGSEND = YES;
				ENABLE_TESTABILITY = YES;
				ENABLE_USER_SCRIPT_SANDBOXING = YES;
				GCC_C_LANGUAGE_STANDARD = gnu17;
				GCC_DYNAMIC_NO_PIC = NO;
				GCC_NO_COMMON_BLOCKS = YES;
				GCC_OPTIMIZATION_LEVEL = 0;
				GCC_PREPROCESSOR_DEFINITIONS = (
					"DEBUG=1",
					"$(inherited)",
				);
				GCC_WARN_64_TO_32_BIT_CONVERSION = YES;
				GCC_WARN_ABOUT_RETURN_TYPE = YES_ERROR;
				GCC_WARN_UNDECLARED_SELECTOR = YES;
				GCC_WARN_UNINITIALIZED_AUTOS = YES_AGGRESSIVE;
				GCC_WARN_UNUSED_FUNCTION = YES;
				GCC_WARN_UNUSED_VARIABLE = YES;
				IPHONEOS_DEPLOYMENT_TARGET = 26.0;
				LOCALIZATION_PREFERS_STRING_CATALOGS = YES;
				MTL_ENABLE_DEBUG_INFO = INCLUDE_SOURCE;
				MTL_FAST_MATH = YES;
				ONLY_ACTIVE_ARCH = YES;
				SDKROOT = iphoneos;
				SWIFT_ACTIVE_COMPILATION_CONDITIONS = "DEBUG $(inherited)";
				SWIFT_OPTIMIZATION_LEVEL = "-Onone";
			};
			name = Debug;
		};
		1529B3883006410600CCD74A /* Release */ = {
			isa = XCBuildConfiguration;
			baseConfigurationReferenceAnchor = 1529B3683006410300CCD74A /* Lingua Quest */;
			baseConfigurationReferenceRelativePath = App/Config.xcconfig;
			buildSettings = {
				ALWAYS_SEARCH_USER_PATHS = NO;
				ASSETCATALOG_COMPILER_GENERATE_SWIFT_ASSET_SYMBOL_EXTENSIONS = YES;
				CLANG_ANALYZER_LOCALIZABILITY_NONLOCALIZED = YES;
				CLANG_ANALYZER_NONNULL = YES;
				CLANG_ANALYZER_NUMBER_OBJECT_CONVERSION = YES_AGGRESSIVE;
				CLANG_CXX_LANGUAGE_STANDARD = "gnu++20";
				CLANG_ENABLE_MODULES = YES;
				CLANG_ENABLE_OBJC_ARC = YES;
				CLANG_ENABLE_OBJC_WEAK = YES;
				CLANG_WARN_BLOCK_CAPTURE_AUTORELEASING = YES;
				CLANG_WARN_BOOL_CONVERSION = YES;
				CLANG_WARN_COMMA = YES;
				CLANG_WARN_CONSTANT_CONVERSION = YES;
				CLANG_WARN_DEPRECATED_OBJC_IMPLEMENTATIONS = YES;
				CLANG_WARN_DIRECT_OBJC_ISA_USAGE = YES_ERROR;
				CLANG_WARN_DOCUMENTATION_COMMENTS = YES;
				CLANG_WARN_EMPTY_BODY = YES;
				CLANG_WARN_ENUM_CONVERSION = YES;
				CLANG_WARN_INFINITE_RECURSION = YES;
				CLANG_WARN_INT_CONVERSION = YES;
				CLANG_WARN_NON_LITERAL_NULL_CONVERSION = YES;
				CLANG_WARN_OBJC_IMPLICIT_RETAIN_SELF = YES;
				CLANG_WARN_OBJC_LITERAL_CONVERSION = YES;
				CLANG_WARN_OBJC_ROOT_CLASS = YES_ERROR;
				CLANG_WARN_QUOTED_INCLUDE_IN_FRAMEWORK_HEADER = YES;
				CLANG_WARN_RANGE_LOOP_ANALYSIS = YES;
				CLANG_WARN_STRICT_PROTOTYPES = YES;
				CLANG_WARN_SUSPICIOUS_MOVE = YES;
				CLANG_WARN_UNGUARDED_AVAILABILITY = YES_AGGRESSIVE;
				CLANG_WARN_UNREACHABLE_CODE = YES;
				CLANG_WARN__DUPLICATE_METHOD_MATCH = YES;
				COPY_PHASE_STRIP = NO;
				DEBUG_INFORMATION_FORMAT = "dwarf-with-dsym";
				ENABLE_NS_ASSERTIONS = NO;
				ENABLE_STRICT_OBJC_MSGSEND = YES;
				ENABLE_USER_SCRIPT_SANDBOXING = YES;
				GCC_C_LANGUAGE_STANDARD = gnu17;
				GCC_NO_COMMON_BLOCKS = YES;
				GCC_WARN_64_TO_32_BIT_CONVERSION = YES;
				GCC_WARN_ABOUT_RETURN_TYPE = YES_ERROR;
				GCC_WARN_UNDECLARED_SELECTOR = YES;
				GCC_WARN_UNINITIALIZED_AUTOS = YES_AGGRESSIVE;
				GCC_WARN_UNUSED_FUNCTION = YES;
				GCC_WARN_UNUSED_VARIABLE = YES;
				IPHONEOS_DEPLOYMENT_TARGET = 26.0;
				LOCALIZATION_PREFERS_STRING_CATALOGS = YES;
				MTL_ENABLE_DEBUG_INFO = NO;
				MTL_FAST_MATH = YES;
				SDKROOT = iphoneos;
				SWIFT_COMPILATION_MODE = wholemodule;
				VALIDATE_PRODUCT = YES;
			};
			name = Release;
		};
		1529B38A3006410600CCD74A /* Debug */ = {
			isa = XCBuildConfiguration;
			baseConfigurationReferenceAnchor = 1529B3683006410300CCD74A /* Lingua Quest */;
			baseConfigurationReferenceRelativePath = App/Config.xcconfig;
			buildSettings = {
				ASSETCATALOG_COMPILER_APPICON_NAME = AppIcon;
				ASSETCATALOG_COMPILER_GLOBAL_ACCENT_COLOR_NAME = AccentColor;
				CODE_SIGN_ENTITLEMENTS = "Lingua Quest/Lingua Quest.entitlements";
				CODE_SIGN_STYLE = Automatic;
				CURRENT_PROJECT_VERSION = 1;
				ENABLE_PREVIEWS = YES;
				GENERATE_INFOPLIST_FILE = YES;
				INFOPLIST_FILE = "Lingua-Quest-Info.plist";
				INFOPLIST_KEY_LSApplicationCategoryType = "";
				INFOPLIST_KEY_NSCameraUsageDescription = "We need access to your camera to scan items for the game quests.";
				INFOPLIST_KEY_UIApplicationSceneManifest_Generation = YES;
				INFOPLIST_KEY_UIApplicationSupportsIndirectInputEvents = YES;
				INFOPLIST_KEY_UILaunchStoryboardName = LaunchScreen;
				INFOPLIST_KEY_UISupportedInterfaceOrientations_iPad = "UIInterfaceOrientationPortrait UIInterfaceOrientationPortraitUpsideDown UIInterfaceOrientationLandscapeLeft UIInterfaceOrientationLandscapeRight";
				INFOPLIST_KEY_UISupportedInterfaceOrientations_iPhone = "UIInterfaceOrientationPortrait UIInterfaceOrientationLandscapeLeft UIInterfaceOrientationLandscapeRight";
				LD_RUNPATH_SEARCH_PATHS = (
					"$(inherited)",
					"@executable_path/Frameworks",
				);
				MARKETING_VERSION = 1.0;
				PRODUCT_BUNDLE_IDENTIFIER = "iti.Lingua-Quest";
				PRODUCT_NAME = "$(TARGET_NAME)";
				STRING_CATALOG_GENERATE_SYMBOLS = YES;
				SWIFT_APPROACHABLE_CONCURRENCY = YES;
				SWIFT_DEFAULT_ACTOR_ISOLATION = MainActor;
				SWIFT_EMIT_LOC_STRINGS = YES;
				SWIFT_UPCOMING_FEATURE_MEMBER_IMPORT_VISIBILITY = YES;
				SWIFT_VERSION = 5.0;
				TARGETED_DEVICE_FAMILY = "1,2";
			};
			name = Debug;
		};
		1529B38B3006410600CCD74A /* Release */ = {
			isa = XCBuildConfiguration;
			baseConfigurationReferenceAnchor = 1529B3683006410300CCD74A /* Lingua Quest */;
			baseConfigurationReferenceRelativePath = App/Config.xcconfig;
			buildSettings = {
				ASSETCATALOG_COMPILER_APPICON_NAME = AppIcon;
				ASSETCATALOG_COMPILER_GLOBAL_ACCENT_COLOR_NAME = AccentColor;
				CODE_SIGN_ENTITLEMENTS = "Lingua Quest/Lingua Quest.entitlements";
				CODE_SIGN_STYLE = Automatic;
				CURRENT_PROJECT_VERSION = 1;
				ENABLE_PREVIEWS = YES;
				GENERATE_INFOPLIST_FILE = YES;
				INFOPLIST_FILE = "Lingua-Quest-Info.plist";
				INFOPLIST_KEY_LSApplicationCategoryType = "";
				INFOPLIST_KEY_NSCameraUsageDescription = "We need access to your camera to scan items for the game quests.";
				INFOPLIST_KEY_UIApplicationSceneManifest_Generation = YES;
				INFOPLIST_KEY_UIApplicationSupportsIndirectInputEvents = YES;
				INFOPLIST_KEY_UILaunchStoryboardName = LaunchScreen;
				INFOPLIST_KEY_UISupportedInterfaceOrientations_iPad = "UIInterfaceOrientationPortrait UIInterfaceOrientationPortraitUpsideDown UIInterfaceOrientationLandscapeLeft UIInterfaceOrientationLandscapeRight";
				INFOPLIST_KEY_UISupportedInterfaceOrientations_iPhone = "UIInterfaceOrientationPortrait UIInterfaceOrientationLandscapeLeft UIInterfaceOrientationLandscapeRight";
				LD_RUNPATH_SEARCH_PATHS = (
					"$(inherited)",
					"@executable_path/Frameworks",
				);
				MARKETING_VERSION = 1.0;
				PRODUCT_BUNDLE_IDENTIFIER = "iti.Lingua-Quest";
				PRODUCT_NAME = "$(TARGET_NAME)";
				STRING_CATALOG_GENERATE_SYMBOLS = YES;
				SWIFT_APPROACHABLE_CONCURRENCY = YES;
				SWIFT_DEFAULT_ACTOR_ISOLATION = MainActor;
				SWIFT_EMIT_LOC_STRINGS = YES;
				SWIFT_UPCOMING_FEATURE_MEMBER_IMPORT_VISIBILITY = YES;
				SWIFT_VERSION = 5.0;
				TARGETED_DEVICE_FAMILY = "1,2";
			};
			name = Release;
		};
		1529B38D3006410600CCD74A /* Debug */ = {
			isa = XCBuildConfiguration;
			baseConfigurationReferenceAnchor = 1529B3683006410300CCD74A /* Lingua Quest */;
			baseConfigurationReferenceRelativePath = App/Config.xcconfig;
			buildSettings = {
				BUNDLE_LOADER = "$(TEST_HOST)";
				CODE_SIGN_STYLE = Automatic;
				CURRENT_PROJECT_VERSION = 1;
				GENERATE_INFOPLIST_FILE = YES;
				IPHONEOS_DEPLOYMENT_TARGET = 26.0;
				MARKETING_VERSION = 1.0;
				PRODUCT_BUNDLE_IDENTIFIER = "iti.Lingua-QuestTests";
				PRODUCT_NAME = "$(TARGET_NAME)";
				STRING_CATALOG_GENERATE_SYMBOLS = NO;
				SWIFT_APPROACHABLE_CONCURRENCY = YES;
				SWIFT_EMIT_LOC_STRINGS = NO;
				SWIFT_UPCOMING_FEATURE_MEMBER_IMPORT_VISIBILITY = YES;
				SWIFT_VERSION = 5.0;
				TARGETED_DEVICE_FAMILY = "1,2";
				TEST_HOST = "$(BUILT_PRODUCTS_DIR)/Lingua Quest.app/$(BUNDLE_EXECUTABLE_FOLDER_PATH)/Lingua Quest";
			};
			name = Debug;
		};
		1529B38E3006410600CCD74A /* Release */ = {
			isa = XCBuildConfiguration;
			baseConfigurationReferenceAnchor = 1529B3683006410300CCD74A /* Lingua Quest */;
			baseConfigurationReferenceRelativePath = App/Config.xcconfig;
			buildSettings = {
				BUNDLE_LOADER = "$(TEST_HOST)";
				CODE_SIGN_STYLE = Automatic;
				CURRENT_PROJECT_VERSION = 1;
				GENERATE_INFOPLIST_FILE = YES;
				IPHONEOS_DEPLOYMENT_TARGET = 26.0;
				MARKETING_VERSION = 1.0;
				PRODUCT_BUNDLE_IDENTIFIER = "iti.Lingua-QuestTests";
				PRODUCT_NAME = "$(TARGET_NAME)";
				STRING_CATALOG_GENERATE_SYMBOLS = NO;
				SWIFT_APPROACHABLE_CONCURRENCY = YES;
				SWIFT_EMIT_LOC_STRINGS = NO;
				SWIFT_UPCOMING_FEATURE_MEMBER_IMPORT_VISIBILITY = YES;
				SWIFT_VERSION = 5.0;
				TARGETED_DEVICE_FAMILY = "1,2";
				TEST_HOST = "$(BUILT_PRODUCTS_DIR)/Lingua Quest.app/$(BUNDLE_EXECUTABLE_FOLDER_PATH)/Lingua Quest";
			};
			name = Release;
		};
		1529B3903006410600CCD74A /* Debug */ = {
			isa = XCBuildConfiguration;
			baseConfigurationReferenceAnchor = 1529B3683006410300CCD74A /* Lingua Quest */;
			baseConfigurationReferenceRelativePath = App/Config.xcconfig;
			buildSettings = {
				CODE_SIGN_STYLE = Automatic;
				CURRENT_PROJECT_VERSION = 1;
				GENERATE_INFOPLIST_FILE = YES;
				MARKETING_VERSION = 1.0;
				PRODUCT_BUNDLE_IDENTIFIER = "iti.Lingua-QuestUITests";
				PRODUCT_NAME = "$(TARGET_NAME)";
				STRING_CATALOG_GENERATE_SYMBOLS = NO;
				SWIFT_APPROACHABLE_CONCURRENCY = YES;
				SWIFT_EMIT_LOC_STRINGS = NO;
				SWIFT_UPCOMING_FEATURE_MEMBER_IMPORT_VISIBILITY = YES;
				SWIFT_VERSION = 5.0;
				TARGETED_DEVICE_FAMILY = "1,2";
				TEST_TARGET_NAME = "Lingua Quest";
			};
			name = Debug;
		};
		1529B3913006410600CCD74A /* Release */ = {
			isa = XCBuildConfiguration;
			baseConfigurationReferenceAnchor = 1529B3683006410300CCD74A /* Lingua Quest */;
			baseConfigurationReferenceRelativePath = App/Config.xcconfig;
			buildSettings = {
				CODE_SIGN_STYLE = Automatic;
				CURRENT_PROJECT_VERSION = 1;
				GENERATE_INFOPLIST_FILE = YES;
				MARKETING_VERSION = 1.0;
				PRODUCT_BUNDLE_IDENTIFIER = "iti.Lingua-QuestUITests";
				PRODUCT_NAME = "$(TARGET_NAME)";
				STRING_CATALOG_GENERATE_SYMBOLS = NO;
				SWIFT_APPROACHABLE_CONCURRENCY = YES;
				SWIFT_EMIT_LOC_STRINGS = NO;
				SWIFT_UPCOMING_FEATURE_MEMBER_IMPORT_VISIBILITY = YES;
				SWIFT_VERSION = 5.0;
				TARGETED_DEVICE_FAMILY = "1,2";
				TEST_TARGET_NAME = "Lingua Quest";
			};
			name = Release;
		};
/* End XCBuildConfiguration section */

/* Begin XCConfigurationList section */
		1529B3613006410300CCD74A /* Build configuration list for PBXProject "Lingua Quest" */ = {
			isa = XCConfigurationList;
			buildConfigurations = (
				1529B3873006410600CCD74A /* Debug */,
				1529B3883006410600CCD74A /* Release */,
			);
			defaultConfigurationIsVisible = 0;
			defaultConfigurationName = Release;
		};
		1529B3893006410600CCD74A /* Build configuration list for PBXNativeTarget "Lingua Quest" */ = {
			isa = XCConfigurationList;
			buildConfigurations = (
				1529B38A3006410600CCD74A /* Debug */,
				1529B38B3006410600CCD74A /* Release */,
			);
			defaultConfigurationIsVisible = 0;
			defaultConfigurationName = Release;
		};
		1529B38C3006410600CCD74A /* Build configuration list for PBXNativeTarget "Lingua QuestTests" */ = {
			isa = XCConfigurationList;
			buildConfigurations = (
				1529B38D3006410600CCD74A /* Debug */,
				1529B38E3006410600CCD74A /* Release */,
			);
			defaultConfigurationIsVisible = 0;
			defaultConfigurationName = Release;
		};
		1529B38F3006410600CCD74A /* Build configuration list for PBXNativeTarget "Lingua QuestUITests" */ = {
			isa = XCConfigurationList;
			buildConfigurations = (
				1529B3903006410600CCD74A /* Debug */,
				1529B3913006410600CCD74A /* Release */,
			);
			defaultConfigurationIsVisible = 0;
			defaultConfigurationName = Release;
		};
/* End XCConfigurationList section */

/* Begin XCRemoteSwiftPackageReference section */
		33A0F051300C347200611A63 /* XCRemoteSwiftPackageReference "firebase-ios-sdk" */ = {
			isa = XCRemoteSwiftPackageReference;
			repositoryURL = "https://github.com/firebase/firebase-ios-sdk";
			requirement = {
				kind = upToNextMajorVersion;
				minimumVersion = 12.16.0;
			};
		};
		33AFF8B5300F37A3002F5017 /* XCRemoteSwiftPackageReference "GoogleSignIn-iOS" */ = {
			isa = XCRemoteSwiftPackageReference;
			repositoryURL = "https://github.com/google/GoogleSignIn-iOS";
			requirement = {
				kind = upToNextMajorVersion;
				minimumVersion = 9.2.0;
			};
		};
		6D3CA5AE3008808A00736812 /* XCRemoteSwiftPackageReference "Swinject" */ = {
			isa = XCRemoteSwiftPackageReference;
			repositoryURL = "https://github.com/Swinject/Swinject.git";
			requirement = {
				kind = upToNextMajorVersion;
				minimumVersion = 2.10.0;
			};
		};
/* End XCRemoteSwiftPackageReference section */

/* Begin XCSwiftPackageProductDependency section */
		33A0F052300C347200611A63 /* FirebaseAI */ = {
			isa = XCSwiftPackageProductDependency;
			package = 33A0F051300C347200611A63 /* XCRemoteSwiftPackageReference "firebase-ios-sdk" */;
			productName = FirebaseAI;
		};
		33AFF8B3300F3670002F5017 /* FirebaseAuth */ = {
			isa = XCSwiftPackageProductDependency;
			package = 33A0F051300C347200611A63 /* XCRemoteSwiftPackageReference "firebase-ios-sdk" */;
			productName = FirebaseAuth;
		};
		33AFF8B6300F37A3002F5017 /* GoogleSignIn */ = {
			isa = XCSwiftPackageProductDependency;
			package = 33AFF8B5300F37A3002F5017 /* XCRemoteSwiftPackageReference "GoogleSignIn-iOS" */;
			productName = GoogleSignIn;
		};
		33AFF8B8300F37A3002F5017 /* GoogleSignInSwift */ = {
			isa = XCSwiftPackageProductDependency;
			package = 33AFF8B5300F37A3002F5017 /* XCRemoteSwiftPackageReference "GoogleSignIn-iOS" */;
			productName = GoogleSignInSwift;
		};
		6D3CA5AF3008808A00736812 /* Swinject */ = {
			isa = XCSwiftPackageProductDependency;
			package = 6D3CA5AE3008808A00736812 /* XCRemoteSwiftPackageReference "Swinject" */;
			productName = Swinject;
		};
/* End XCSwiftPackageProductDependency section */
	};
	rootObject = 1529B35E3006410300CCD74A /* Project object */;
}
